// !$*UTF8*$!
{
	archiveVersion = 1;
	classes = {
	};
	objectVersion = 56;
	objects = {

/* Begin PBXBuildFile section */
		8DD7734D2C809F24001C31A5 /* MarsogramApp.swift in Sources */ = {isa = PBXBuildFile; fileRef = 8DD7734C2C809F24001C31A5 /* MarsogramApp.swift */; };
		8DD7734F2C809F24001C31A5 /* ContentView.swift in Sources */ = {isa = PBXBuildFile; fileRef = 8DD7734E2C809F24001C31A5 /* ContentView.swift */; };
		8DD773512C809F25001C31A5 /* Assets.xcassets in Resources */ = {isa = PBXBuildFile; fileRef = 8DD773502C809F25001C31A5 /* Assets.xcassets */; };
		8DD773542C809F25001C31A5 /* Preview Assets.xcassets in Resources */ = {isa = PBXBuildFile; fileRef = 8DD773532C809F25001C31A5 /* Preview Assets.xcassets */; };
		8DD773562C809F25001C31A5 /* Persistence.swift in Sources */ = {isa = PBXBuildFile; fileRef = 8DD773552C809F25001C31A5 /* Persistence.swift */; };
		8DD773592C809F25001C31A5 /* Marsogram.xcdatamodeld in Sources */ = {isa = PBXBuildFile; fileRef = 8DD773572C809F25001C31A5 /* Marsogram.xcdatamodeld */; };
		8DD773632C809F26001C31A5 /* MarsogramTests.swift in Sources */ = {isa = PBXBuildFile; fileRef = 8DD773622C809F26001C31A5 /* MarsogramTests.swift */; };
		8DD7736D2C809F26001C31A5 /* MarsogramUITests.swift in Sources */ = {isa = PBXBuildFile; fileRef = 8DD7736C2C809F26001C31A5 /* MarsogramUITests.swift */; };
		8DD7736F2C809F26001C31A5 /* MarsogramUITestsLaunchTests.swift in Sources */ = {isa = PBXBuildFile; fileRef = 8DD7736E2C809F26001C31A5 /* MarsogramUITestsLaunchTests.swift */; };
/* End PBXBuildFile section */

/* Begin PBXContainerItemProxy section */
		8DD7735F2C809F26001C31A5 /* PBXContainerItemProxy */ = {
			isa = PBXContainerItemProxy;
			containerPortal = 8DD773412C809F24001C31A5 /* Project object */;
			proxyType = 1;
			remoteGlobalIDString = 8DD773482C809F24001C31A5;
			remoteInfo = Marsogram;
		};
		8DD773692C809F26001C31A5 /* PBXContainerItemProxy */ = {
			isa = PBXContainerItemProxy;
			containerPortal = 8DD773412C809F24001C31A5 /* Project object */;
			proxyType = 1;
			remoteGlobalIDString = 8DD773482C809F24001C31A5;
			remoteInfo = Marsogram;
		};
/* End PBXContainerItemProxy section */

/* Begin PBXFileReference section */
		8DD773492C809F24001C31A5 /* Marsogram.app */ = {isa = PBXFileReference; explicitFileType = wrapper.application; includeInIndex = 0; path = Marsogram.app; sourceTree = BUILT_PRODUCTS_DIR; };
		8DD7734C2C809F24001C31A5 /* MarsogramApp.swift */ = {isa = PBXFileReference; lastKnownFileType = sourcecode.swift; path = MarsogramApp.swift; sourceTree = "<group>"; };
		8DD7734E2C809F24001C31A5 /* ContentView.swift */ = {isa = PBXFileReference; lastKnownFileType = sourcecode.swift; path = ContentView.swift; sourceTree = "<group>"; };
		8DD773502C809F25001C31A5 /* Assets.xcassets */ = {isa = PBXFileReference; lastKnownFileType = folder.assetcatalog; path = Assets.xcassets; sourceTree = "<group>"; };
		8DD773532C809F25001C31A5 /* Preview Assets.xcassets */ = {isa = PBXFileReference; lastKnownFileType = folder.assetcatalog; path = "Preview Assets.xcassets"; sourceTree = "<group>"; };
		8DD773552C809F25001C31A5 /* Persistence.swift */ = {isa = PBXFileReference; lastKnownFileType = sourcecode.swift; path = Persistence.swift; sourceTree = "<group>"; };
		8DD773582C809F25001C31A5 /* Marsogram.xcdatamodel */ = {isa = PBXFileReference; lastKnownFileType = wrapper.xcdatamodel; path = Marsogram.xcdatamodel; sourceTree = "<group>"; };
		8DD7735E2C809F26001C31A5 /* MarsogramTests.xctest */ = {isa = PBXFileReference; explicitFileType = wrapper.cfbundle; includeInIndex = 0; path = MarsogramTests.xctest; sourceTree = BUILT_PRODUCTS_DIR; };
		8DD773622C809F26001C31A5 /* MarsogramTests.swift */ = {isa = PBXFileReference; lastKnownFileType = sourcecode.swift; path = MarsogramTests.swift; sourceTree = "<group>"; };
		8DD773682C809F26001C31A5 /* MarsogramUITests.xctest */ = {isa = PBXFileReference; explicitFileType = wrapper.cfbundle; includeInIndex = 0; path = MarsogramUITests.xctest; sourceTree = BUILT_PRODUCTS_DIR; };
		8DD7736C2C809F26001C31A5 /* MarsogramUITests.swift */ = {isa = PBXFileReference; lastKnownFileType = sourcecode.swift; path = MarsogramUITests.swift; sourceTree = "<group>"; };
		8DD7736E2C809F26001C31A5 /* MarsogramUITestsLaunchTests.swift */ = {isa = PBXFileReference; lastKnownFileType = sourcecode.swift; path = MarsogramUITestsLaunchTests.swift; sourceTree = "<group>"; };
/* End PBXFileReference section */

/* Begin PBXFrameworksBuildPhase section */
		8DD773462C809F24001C31A5 /* Frameworks */ = {
			isa = PBXFrameworksBuildPhase;
			buildActionMask = 2147483647;
			files = (
			);
			runOnlyForDeploymentPostprocessing = 0;
		};
		8DD7735B2C809F26001C31A5 /* Frameworks */ = {
			isa = PBXFrameworksBuildPhase;
			buildActionMask = 2147483647;
			files = (
			);
			runOnlyForDeploymentPostprocessing = 0;
		};
		8DD773652C809F26001C31A5 /* Frameworks */ = {
			isa = PBXFrameworksBuildPhase;
			buildActionMask = 2147483647;
			files = (
			);
			runOnlyForDeploymentPostprocessing = 0;
		};
/* End PBXFrameworksBuildPhase section */

/* Begin PBXGroup section */
		8DD773402C809F24001C31A5 = {
			isa = PBXGroup;
			children = (
				8DD7734B2C809F24001C31A5 /* Marsogram */,
				8DD773612C809F26001C31A5 /* MarsogramTests */,
				8DD7736B2C809F26001C31A5 /* MarsogramUITests */,
				8DD7734A2C809F24001C31A5 /* Products */,
			);
			sourceTree = "<group>";
		};
		8DD7734A2C809F24001C31A5 /* Products */ = {
			isa = PBXGroup;
			children = (
				8DD773492C809F24001C31A5 /* Marsogram.app */,
				8DD7735E2C809F26001C31A5 /* MarsogramTests.xctest */,
				8DD773682C809F26001C31A5 /* MarsogramUITests.xctest */,
			);
			name = Products;
			sourceTree = "<group>";
		};
		8DD7734B2C809F24001C31A5 /* Marsogram */ = {
			isa = PBXGroup;
			children = (
				8DD7734C2C809F24001C31A5 /* MarsogramApp.swift */,
				8DD7734E2C809F24001C31A5 /* ContentView.swift */,
				8DD773502C809F25001C31A5 /* Assets.xcassets */,
				8DD773552C809F25001C31A5 /* Persistence.swift */,
				8DD773572C809F25001C31A5 /* Marsogram.xcdatamodeld */,
				8DD773522C809F25001C31A5 /* Preview Content */,
			);
			path = Marsogram;
			sourceTree = "<group>";
		};
		8DD773522C809F25001C31A5 /* Preview Content */ = {
			isa = PBXGroup;
			children = (
				8DD773532C809F25001C31A5 /* Preview Assets.xcassets */,
			);
			path = "Preview Content";
			sourceTree = "<group>";
		};
		8DD773612C809F26001C31A5 /* MarsogramTests */ = {
			isa = PBXGroup;
			children = (
				8DD773622C809F26001C31A5 /* MarsogramTests.swift */,
			);
			path = MarsogramTests;
			sourceTree = "<group>";
		};
		8DD7736B2C809F26001C31A5 /* MarsogramUITests */ = {
			isa = PBXGroup;
			children = (
				8DD7736C2C809F26001C31A5 /* MarsogramUITests.swift */,
				8DD7736E2C809F26001C31A5 /* MarsogramUITestsLaunchTests.swift */,
			);
			path = MarsogramUITests;
			sourceTree = "<group>";
		};
/* End PBXGroup section */

/* Begin PBXNativeTarget section */
		8DD773482C809F24001C31A5 /* Marsogram */ = {
			isa = PBXNativeTarget;
			buildConfigurationList = 8DD773722C809F26001C31A5 /* Build configuration list for PBXNativeTarget "Marsogram" */;
			buildPhases = (
				8DD773452C809F24001C31A5 /* Sources */,
				8DD773462C809F24001C31A5 /* Frameworks */,
				8DD773472C809F24001C31A5 /* Resources */,
			);
			buildRules = (
			);
			dependencies = (
			);
			name = Marsogram;
			productName = Marsogram;
			productReference = 8DD773492C809F24001C31A5 /* Marsogram.app */;
			productType = "com.apple.product-type.application";
		};
		8DD7735D2C809F26001C31A5 /* MarsogramTests */ = {
			isa = PBXNativeTarget;
			buildConfigurationList = 8DD773752C809F26001C31A5 /* Build configuration list for PBXNativeTarget "MarsogramTests" */;
			buildPhases = (
				8DD7735A2C809F26001C31A5 /* Sources */,
				8DD7735B2C809F26001C31A5 /* Frameworks */,
				8DD7735C2C809F26001C31A5 /* Resources */,
			);
			buildRules = (
			);
			dependencies = (
				8DD773602C809F26001C31A5 /* PBXTargetDependency */,
			);
			name = MarsogramTests;
			productName = MarsogramTests;
			productReference = 8DD7735E2C809F26001C31A5 /* MarsogramTests.xctest */;
			productType = "com.apple.product-type.bundle.unit-test";
		};
		8DD773672C809F26001C31A5 /* MarsogramUITests */ = {
			isa = PBXNativeTarget;
			buildConfigurationList = 8DD773782C809F26001C31A5 /* Build configuration list for PBXNativeTarget "MarsogramUITests" */;
			buildPhases = (
				8DD773642C809F26001C31A5 /* Sources */,
				8DD773652C809F26001C31A5 /* Frameworks */,
				8DD773662C809F26001C31A5 /* Resources */,
			);
			buildRules = (
			);
			dependencies = (
				8DD7736A2C809F26001C31A5 /* PBXTargetDependency */,
			);
			name = MarsogramUITests;
			productName = MarsogramUITests;
			productReference = 8DD773682C809F26001C31A5 /* MarsogramUITests.xctest */;
			productType = "com.apple.product-type.bundle.ui-testing";
		};
/* End PBXNativeTarget section */

/* Begin PBXProject section */
		8DD773412C809F24001C31A5 /* Project object */ = {
			isa = PBXProject;
			attributes = {
				BuildIndependentTargetsInParallel = 1;
				LastSwiftUpdateCheck = 1540;
				LastUpgradeCheck = 1540;
				TargetAttributes = {
					8DD773482C809F24001C31A5 = {
						CreatedOnToolsVersion = 15.4;
					};
					8DD7735D2C809F26001C31A5 = {
						CreatedOnToolsVersion = 15.4;
						TestTargetID = 8DD773482C809F24001C31A5;
					};
					8DD773672C809F26001C31A5 = {
						CreatedOnToolsVersion = 15.4;
						TestTargetID = 8DD773482C809F24001C31A5;
					};
				};
			};
			buildConfigurationList = 8DD773442C809F24001C31A5 /* Build configuration list for PBXProject "Marsogram" */;
			compatibilityVersion = "Xcode 14.0";
			developmentRegion = en;
			hasScannedForEncodings = 0;
			knownRegions = (
				en,
				Base,
			);
			mainGroup = 8DD773402C809F24001C31A5;
			productRefGroup = 8DD7734A2C809F24001C31A5 /* Products */;
			projectDirPath = "";
			projectRoot = "";
			targets = (
				8DD773482C809F24001C31A5 /* Marsogram */,
				8DD7735D2C809F26001C31A5 /* MarsogramTests */,
				8DD773672C809F26001C31A5 /* MarsogramUITests */,
			);
		};
/* End PBXProject section */

/* Begin PBXResourcesBuildPhase section */
		8DD773472C809F24001C31A5 /* Resources */ = {
			isa = PBXResourcesBuildPhase;
			buildActionMask = 2147483647;
			files = (
				8DD773542C809F25001C31A5 /* Preview Assets.xcassets in Resources */,
				8DD773512C809F25001C31A5 /* Assets.xcassets in Resources */,
			);
			runOnlyForDeploymentPostprocessing = 0;
		};
		8DD7735C2C809F26001C31A5 /* Resources */ = {
			isa = PBXResourcesBuildPhase;
			buildActionMask = 2147483647;
			files = (
			);
			runOnlyForDeploymentPostprocessing = 0;
		};
		8DD773662C809F26001C31A5 /* Resources */ = {
			isa = PBXResourcesBuildPhase;
			buildActionMask = 2147483647;
			files = (
			);
			runOnlyForDeploymentPostprocessing = 0;
		};
/* End PBXResourcesBuildPhase section */

/* Begin PBXSourcesBuildPhase section */
		8DD773452C809F24001C31A5 /* Sources */ = {
			isa = PBXSourcesBuildPhase;
			buildActionMask = 2147483647;
			files = (
				8DD773562C809F25001C31A5 /* Persistence.swift in Sources */,
				8DD7734F2C809F24001C31A5 /* ContentView.swift in Sources */,
				8DD7734D2C809F24001C31A5 /* MarsogramApp.swift in Sources */,
				8DD773592C809F25001C31A5 /* Marsogram.xcdatamodeld in Sources */,
			);
			runOnlyForDeploymentPostprocessing = 0;
		};
		8DD7735A2C809F26001C31A5 /* Sources */ = {
			isa = PBXSourcesBuildPhase;
			buildActionMask = 2147483647;
			files = (
				8DD773632C809F26001C31A5 /* MarsogramTests.swift in Sources */,
			);
			runOnlyForDeploymentPostprocessing = 0;
		};
		8DD773642C809F26001C31A5 /* Sources */ = {
			isa = PBXSourcesBuildPhase;
			buildActionMask = 2147483647;
			files = (
				8DD7736F2C809F26001C31A5 /* MarsogramUITestsLaunchTests.swift in Sources */,
				8DD7736D2C809F26001C31A5 /* MarsogramUITests.swift in Sources */,
			);
			runOnlyForDeploymentPostprocessing = 0;
		};
/* End PBXSourcesBuildPhase section */

/* Begin PBXTargetDependency section */
		8DD773602C809F26001C31A5 /* PBXTargetDependency */ = {
			isa = PBXTargetDependency;
			target = 8DD773482C809F24001C31A5 /* Marsogram */;
			targetProxy = 8DD7735F2C809F26001C31A5 /* PBXContainerItemProxy */;
		};
		8DD7736A2C809F26001C31A5 /* PBXTargetDependency */ = {
			isa = PBXTargetDependency;
			target = 8DD773482C809F24001C31A5 /* Marsogram */;
			targetProxy = 8DD773692C809F26001C31A5 /* PBXContainerItemProxy */;
		};
/* End PBXTargetDependency section */

/* Begin XCBuildConfiguration section */
		8DD773702C809F26001C31A5 /* Debug */ = {
			isa = XCBuildConfiguration;
			buildSettings = {
				ALWAYS_SEARCH_USER_PATHS = NO;
				ASSETCATALOG_COMPILER_GENERATE_SWIFT_ASSET_SYMBOL_EXTENSIONS = YES;
				CLANG_ANALYZER_NONNULL = YES;
				CLANG_ANALYZER_NUMBER_OBJECT_CONVERSION = YES_AGGRESSIVE;
				CLANG_CXX_LANGUAGE_STANDARD = "gnu++20";
				CLANG_ENABLE_MODULES = YES;
				CLANG_ENABLE_OBJC_ARC = YES;
				CLANG_ENABLE_OBJC_WEAK = YES;
				CLANG_WARN_BLOCK_CAPTURE_AUTORELEASING = YES;
				CLANG_WARN_BOOL_CONVERSION = YES;
				CLANG_WARN_COMMA = YES;
				CLANG_WARN_CONSTANT_CONVERSION = YES;
				CLANG_WARN_DEPRECATED_OBJC_IMPLEMENTATIONS = YES;
				CLANG_WARN_DIRECT_OBJC_ISA_USAGE = YES_ERROR;
				CLANG_WARN_DOCUMENTATION_COMMENTS = YES;
				CLANG_WARN_EMPTY_BODY = YES;
				CLANG_WARN_ENUM_CONVERSION = YES;
				CLANG_WARN_INFINITE_RECURSION = YES;
				CLANG_WARN_INT_CONVERSION = YES;
				CLANG_WARN_NON_LITERAL_NULL_CONVERSION = YES;
				CLANG_WARN_OBJC_IMPLICIT_RETAIN_SELF = YES;
				CLANG_WARN_OBJC_LITERAL_CONVERSION = YES;
				CLANG_WARN_OBJC_ROOT_CLASS = YES_ERROR;
				CLANG_WARN_QUOTED_INCLUDE_IN_FRAMEWORK_HEADER = YES;
				CLANG_WARN_RANGE_LOOP_ANALYSIS = YES;
				CLANG_WARN_STRICT_PROTOTYPES = YES;
				CLANG_WARN_SUSPICIOUS_MOVE = YES;
				CLANG_WARN_UNGUARDED_AVAILABILITY = YES_AGGRESSIVE;
				CLANG_WARN_UNREACHABLE_CODE = YES;
				CLANG_WARN__DUPLICATE_METHOD_MATCH = YES;
				COPY_PHASE_STRIP = NO;
				DEBUG_INFORMATION_FORMAT = dwarf;
				ENABLE_STRICT_OBJC_MSGSEND = YES;
				ENABLE_TESTABILITY = YES;
				ENABLE_USER_SCRIPT_SANDBOXING = YES;
				GCC_C_LANGUAGE_STANDARD = gnu17;
				GCC_DYNAMIC_NO_PIC = NO;
				GCC_NO_COMMON_BLOCKS = YES;
				GCC_OPTIMIZATION_LEVEL = 0;
				GCC_PREPROCESSOR_DEFINITIONS = (
					"DEBUG=1",
					"$(inherited)",
				);
				GCC_WARN_64_TO_32_BIT_CONVERSION = YES;
				GCC_WARN_ABOUT_RETURN_TYPE = YES_ERROR;
				GCC_WARN_UNDECLARED_SELECTOR = YES;
				GCC_WARN_UNINITIALIZED_AUTOS = YES_AGGRESSIVE;
				GCC_WARN_UNUSED_FUNCTION = YES;
				GCC_WARN_UNUSED_VARIABLE = YES;
				IPHONEOS_DEPLOYMENT_TARGET = 17.5;
				LOCALIZATION_PREFERS_STRING_CATALOGS = YES;
				MTL_ENABLE_DEBUG_INFO = INCLUDE_SOURCE;
				MTL_FAST_MATH = YES;
				ONLY_ACTIVE_ARCH = YES;
				SDKROOT = iphoneos;
				SWIFT_ACTIVE_COMPILATION_CONDITIONS = "DEBUG $(inherited)";
				SWIFT_OPTIMIZATION_LEVEL = "-Onone";
			};
			name = Debug;
		};
		8DD773712C809F26001C31A5 /* Release */ = {
			isa = XCBuildConfiguration;
			buildSettings = {
				ALWAYS_SEARCH_USER_PATHS = NO;
				ASSETCATALOG_COMPILER_GENERATE_SWIFT_ASSET_SYMBOL_EXTENSIONS = YES;
				CLANG_ANALYZER_NONNULL = YES;
				CLANG_ANALYZER_NUMBER_OBJECT_CONVERSION = YES_AGGRESSIVE;
				CLANG_CXX_LANGUAGE_STANDARD = "gnu++20";
				CLANG_ENABLE_MODULES = YES;
				CLANG_ENABLE_OBJC_ARC = YES;
				CLANG_ENABLE_OBJC_WEAK = YES;
				CLANG_WARN_BLOCK_CAPTURE_AUTORELEASING = YES;
				CLANG_WARN_BOOL_CONVERSION = YES;
				CLANG_WARN_COMMA = YES;
				CLANG_WARN_CONSTANT_CONVERSION = YES;
				CLANG_WARN_DEPRECATED_OBJC_IMPLEMENTATIONS = YES;
				CLANG_WARN_DIRECT_OBJC_ISA_USAGE = YES_ERROR;
				CLANG_WARN_DOCUMENTATION_COMMENTS = YES;
				CLANG_WARN_EMPTY_BODY = YES;
				CLANG_WARN_ENUM_CONVERSION = YES;
				CLANG_WARN_INFINITE_RECURSION = YES;
				CLANG_WARN_INT_CONVERSION = YES;
				CLANG_WARN_NON_LITERAL_NULL_CONVERSION = YES;
				CLANG_WARN_OBJC_IMPLICIT_RETAIN_SELF = YES;
				CLANG_WARN_OBJC_LITERAL_CONVERSION = YES;
				CLANG_WARN_OBJC_ROOT_CLASS = YES_ERROR;
				CLANG_WARN_QUOTED_INCLUDE_IN_FRAMEWORK_HEADER = YES;
				CLANG_WARN_RANGE_LOOP_ANALYSIS = YES;
				CLANG_WARN_STRICT_PROTOTYPES = YES;
				CLANG_WARN_SUSPICIOUS_MOVE = YES;
				CLANG_WARN_UNGUARDED_AVAILABILITY = YES_AGGRESSIVE;
				CLANG_WARN_UNREACHABLE_CODE = YES;
				CLANG_WARN__DUPLICATE_METHOD_MATCH = YES;
				COPY_PHASE_STRIP = NO;
				DEBUG_INFORMATION_FORMAT = "dwarf-with-dsym";
				ENABLE_NS_ASSERTIONS = NO;
				ENABLE_STRICT_OBJC_MSGSEND = YES;
				ENABLE_USER_SCRIPT_SANDBOXING = YES;
				GCC_C_LANGUAGE_STANDARD = gnu17;
				GCC_NO_COMMON_BLOCKS = YES;
				GCC_WARN_64_TO_32_BIT_CONVERSION = YES;
				GCC_WARN_ABOUT_RETURN_TYPE = YES_ERROR;
				GCC_WARN_UNDECLARED_SELECTOR = YES;
				GCC_WARN_UNINITIALIZED_AUTOS = YES_AGGRESSIVE;
				GCC_WARN_UNUSED_FUNCTION = YES;
				GCC_WARN_UNUSED_VARIABLE = YES;
				IPHONEOS_DEPLOYMENT_TARGET = 17.5;
				LOCALIZATION_PREFERS_STRING_CATALOGS = YES;
				MTL_ENABLE_DEBUG_INFO = NO;
				MTL_FAST_MATH = YES;
				SDKROOT = iphoneos;
				SWIFT_COMPILATION_MODE = wholemodule;
				VALIDATE_PRODUCT = YES;
			};
			name = Release;
		};
		8DD773732C809F26001C31A5 /* Debug */ = {
			isa = XCBuildConfiguration;
			buildSettings = {
				ASSETCATALOG_COMPILER_APPICON_NAME = AppIcon;
				ASSETCATALOG_COMPILER_GLOBAL_ACCENT_COLOR_NAME = AccentColor;
				CODE_SIGN_STYLE = Automatic;
				CURRENT_PROJECT_VERSION = 1;
				DEVELOPMENT_ASSET_PATHS = "\"Marsogram/Preview Content\"";
				DEVELOPMENT_TEAM = 8HZT3TR2ZJ;
				ENABLE_PREVIEWS = YES;
				GENERATE_INFOPLIST_FILE = YES;
				INFOPLIST_KEY_UIApplicationSceneManifest_Generation = YES;
				INFOPLIST_KEY_UIApplicationSupportsIndirectInputEvents = YES;
				INFOPLIST_KEY_UILaunchScreen_Generation = YES;
				INFOPLIST_KEY_UISupportedInterfaceOrientations_iPad = "UIInterfaceOrientationPortrait UIInterfaceOrientationPortraitUpsideDown UIInterfaceOrientationLandscapeLeft UIInterfaceOrientationLandscapeRight";
				INFOPLIST_KEY_UISupportedInterfaceOrientations_iPhone = "UIInterfaceOrientationPortrait UIInterfaceOrientationLandscapeLeft UIInterfaceOrientationLandscapeRight";
				LD_RUNPATH_SEARCH_PATHS = (
					"$(inherited)",
					"@executable_path/Frameworks",
				);
				MARKETING_VERSION = 1.0;
				PRODUCT_BUNDLE_IDENTIFIER = "Wellbeing-Vantage.Marsogram";
				PRODUCT_NAME = "$(TARGET_NAME)";
				SWIFT_EMIT_LOC_STRINGS = YES;
				SWIFT_VERSION = 5.0;
				TARGETED_DEVICE_FAMILY = "1,2";
			};
			name = Debug;
		};
		8DD773742C809F26001C31A5 /* Release */ = {
			isa = XCBuildConfiguration;
			buildSettings = {
				ASSETCATALOG_COMPILER_APPICON_NAME = AppIcon;
				ASSETCATALOG_COMPILER_GLOBAL_ACCENT_COLOR_NAME = AccentColor;
				CODE_SIGN_STYLE = Automatic;
				CURRENT_PROJECT_VERSION = 1;
				DEVELOPMENT_ASSET_PATHS = "\"Marsogram/Preview Content\"";
				DEVELOPMENT_TEAM = 8HZT3TR2ZJ;
				ENABLE_PREVIEWS = YES;
				GENERATE_INFOPLIST_FILE = YES;
				INFOPLIST_KEY_UIApplicationSceneManifest_Generation = YES;
				INFOPLIST_KEY_UIApplicationSupportsIndirectInputEvents = YES;
				INFOPLIST_KEY_UILaunchScreen_Generation = YES;
				INFOPLIST_KEY_UISupportedInterfaceOrientations_iPad = "UIInterfaceOrientationPortrait UIInterfaceOrientationPortraitUpsideDown UIInterfaceOrientationLandscapeLeft UIInterfaceOrientationLandscapeRight";
				INFOPLIST_KEY_UISupportedInterfaceOrientations_iPhone = "UIInterfaceOrientationPortrait UIInterfaceOrientationLandscapeLeft UIInterfaceOrientationLandscapeRight";
				LD_RUNPATH_SEARCH_PATHS = (
					"$(inherited)",
					"@executable_path/Frameworks",
				);
				MARKETING_VERSION = 1.0;
				PRODUCT_BUNDLE_IDENTIFIER = "Wellbeing-Vantage.Marsogram";
				PRODUCT_NAME = "$(TARGET_NAME)";
				SWIFT_EMIT_LOC_STRINGS = YES;
				SWIFT_VERSION = 5.0;
				TARGETED_DEVICE_FAMILY = "1,2";
			};
			name = Release;
		};
		8DD773762C809F26001C31A5 /* Debug */ = {
			isa = XCBuildConfiguration;
			buildSettings = {
				ALWAYS_EMBED_SWIFT_STANDARD_LIBRARIES = YES;
				BUNDLE_LOADER = "$(TEST_HOST)";
				CODE_SIGN_STYLE = Automatic;
				CURRENT_PROJECT_VERSION = 1;
				DEVELOPMENT_TEAM = 8HZT3TR2ZJ;
				GENERATE_INFOPLIST_FILE = YES;
				IPHONEOS_DEPLOYMENT_TARGET = 17.5;
				MARKETING_VERSION = 1.0;
				PRODUCT_BUNDLE_IDENTIFIER = "Wellbeing-Vantage.MarsogramTests";
				PRODUCT_NAME = "$(TARGET_NAME)";
				SWIFT_EMIT_LOC_STRINGS = NO;
				SWIFT_VERSION = 5.0;
				TARGETED_DEVICE_FAMILY = "1,2";
				TEST_HOST = "$(BUILT_PRODUCTS_DIR)/Marsogram.app/$(BUNDLE_EXECUTABLE_FOLDER_PATH)/Marsogram";
			};
			name = Debug;
		};
		8DD773772C809F26001C31A5 /* Release */ = {
			isa = XCBuildConfiguration;
			buildSettings = {
				ALWAYS_EMBED_SWIFT_STANDARD_LIBRARIES = YES;
				BUNDLE_LOADER = "$(TEST_HOST)";
				CODE_SIGN_STYLE = Automatic;
				CURRENT_PROJECT_VERSION = 1;
				DEVELOPMENT_TEAM = 8HZT3TR2ZJ;
				GENERATE_INFOPLIST_FILE = YES;
				IPHONEOS_DEPLOYMENT_TARGET = 17.5;
				MARKETING_VERSION = 1.0;
				PRODUCT_BUNDLE_IDENTIFIER = "Wellbeing-Vantage.MarsogramTests";
				PRODUCT_NAME = "$(TARGET_NAME)";
				SWIFT_EMIT_LOC_STRINGS = NO;
				SWIFT_VERSION = 5.0;
				TARGETED_DEVICE_FAMILY = "1,2";
				TEST_HOST = "$(BUILT_PRODUCTS_DIR)/Marsogram.app/$(BUNDLE_EXECUTABLE_FOLDER_PATH)/Marsogram";
			};
			name = Release;
		};
		8DD773792C809F26001C31A5 /* Debug */ = {
			isa = XCBuildConfiguration;
			buildSettings = {
				ALWAYS_EMBED_SWIFT_STANDARD_LIBRARIES = YES;
				CODE_SIGN_STYLE = Automatic;
				CURRENT_PROJECT_VERSION = 1;
				DEVELOPMENT_TEAM = 8HZT3TR2ZJ;
				GENERATE_INFOPLIST_FILE = YES;
				MARKETING_VERSION = 1.0;
				PRODUCT_BUNDLE_IDENTIFIER = "Wellbeing-Vantage.MarsogramUITests";
				PRODUCT_NAME = "$(TARGET_NAME)";
				SWIFT_EMIT_LOC_STRINGS = NO;
				SWIFT_VERSION = 5.0;
				TARGETED_DEVICE_FAMILY = "1,2";
				TEST_TARGET_NAME = Marsogram;
			};
			name = Debug;
		};
		8DD7737A2C809F26001C31A5 /* Release */ = {
			isa = XCBuildConfiguration;
			buildSettings = {
				ALWAYS_EMBED_SWIFT_STANDARD_LIBRARIES = YES;
				CODE_SIGN_STYLE = Automatic;
				CURRENT_PROJECT_VERSION = 1;
				DEVELOPMENT_TEAM = 8HZT3TR2ZJ;
				GENERATE_INFOPLIST_FILE = YES;
				MARKETING_VERSION = 1.0;
				PRODUCT_BUNDLE_IDENTIFIER = "Wellbeing-Vantage.MarsogramUITests";
				PRODUCT_NAME = "$(TARGET_NAME)";
				SWIFT_EMIT_LOC_STRINGS = NO;
				SWIFT_VERSION = 5.0;
				TARGETED_DEVICE_FAMILY = "1,2";
				TEST_TARGET_NAME = Marsogram;
			};
			name = Release;
		};
/* End XCBuildConfiguration section */

/* Begin XCConfigurationList section */
		8DD773442C809F24001C31A5 /* Build configuration list for PBXProject "Marsogram" */ = {
			isa = XCConfigurationList;
			buildConfigurations = (
				8DD773702C809F26001C31A5 /* Debug */,
				8DD773712C809F26001C31A5 /* Release */,
			);
			defaultConfigurationIsVisible = 0;
			defaultConfigurationName = Release;
		};
		8DD773722C809F26001C31A5 /* Build configuration list for PBXNativeTarget "Marsogram" */ = {
			isa = XCConfigurationList;
			buildConfigurations = (
				8DD773732C809F26001C31A5 /* Debug */,
				8DD773742C809F26001C31A5 /* Release */,
			);
			defaultConfigurationIsVisible = 0;
			defaultConfigurationName = Release;
		};
		8DD773752C809F26001C31A5 /* Build configuration list for PBXNativeTarget "MarsogramTests" */ = {
			isa = XCConfigurationList;
			buildConfigurations = (
				8DD773762C809F26001C31A5 /* Debug */,
				8DD773772C809F26001C31A5 /* Release */,
			);
			defaultConfigurationIsVisible = 0;
			defaultConfigurationName = Release;
		};
		8DD773782C809F26001C31A5 /* Build configuration list for PBXNativeTarget "MarsogramUITests" */ = {
			isa = XCConfigurationList;
			buildConfigurations = (
				8DD773792C809F26001C31A5 /* Debug */,
				8DD7737A2C809F26001C31A5 /* Release */,
			);
			defaultConfigurationIsVisible = 0;
			defaultConfigurationName = Release;
		};
/* End XCConfigurationList section */

/* Begin XCVersionGroup section */
		8DD773572C809F25001C31A5 /* Marsogram.xcdatamodeld */ = {
			isa = XCVersionGroup;
			children = (
				8DD773582C809F25001C31A5 /* Marsogram.xcdatamodel */,
			);
			currentVersion = 8DD773582C809F25001C31A5 /* Marsogram.xcdatamodel */;
			path = Marsogram.xcdatamodeld;
			sourceTree = "<group>";
			versionGroupType = wrapper.xcdatamodel;
		};
/* End XCVersionGroup section */
	};
	rootObject = 8DD773412C809F24001C31A5 /* Project object */;
}
